
Microsoft Visual Studio Solution File, Format Version 12.00
# Visual Studio 15
VisualStudioVersion = 15.0.27703.2035
MinimumVisualStudioVersion = 10.0.40219.1
Project("{FAE04EC0-301F-11D3-BF4B-00C04F79EFBC}") = "day6", "day6\day6.csproj", "{622592B8-5E7E-4726-AD3E-4490A8FF3656}"
EndProject
Global
	GlobalSection(SolutionConfigurationPlatforms) = preSolution
		Debug|Any CPU = Debug|Any CPU
		Release|Any CPU = Release|Any CPU
	EndGlobalSection
	GlobalSection(ProjectConfigurationPlatforms) = postSolution
		{622592B8-5E7E-4726-AD3E-4490A8FF3656}.Debug|Any CPU.ActiveCfg = Debug|Any CPU
		{622592B8-5E7E-4726-AD3E-4490A8FF3656}.Debug|Any CPU.Build.0 = Debug|Any CPU
		{622592B8-5E7E-4726-AD3E-4490A8FF3656}.Release|Any CPU.ActiveCfg = Release|Any CPU
		{622592B8-5E7E-4726-AD3E-4490A8FF3656}.Release|Any CPU.Build.0 = Release|Any CPU
	EndGlobalSection
	GlobalSection(SolutionProperties) = preSolution
		HideSolutionNode = FALSE
	EndGlobalSection
	GlobalSection(ExtensibilityGlobals) = postSolution
		SolutionGuid = {B34B7EB1-122A-4C62-B3D0-943926B97F9A}
	EndGlobalSection
EndGlobal
